
Microsoft Visual Studio Solution File, Format Version 12.00
# Visual Studio Version 17
VisualStudioVersion = 17.7.33808.371
MinimumVisualStudioVersion = 10.0.40219.1
Project("{FAE04EC0-301F-11D3-BF4B-00C04F79EFBC}") = "SafeChatMVC", "SafeChatMVC\SafeChatMVC.csproj", "{8638D5A9-01AB-47AA-8454-B0D390CA79CC}"
EndProject
Global
	GlobalSection(SolutionConfigurationPlatforms) = preSolution
		Debug|Any CPU = Debug|Any CPU
		Release|Any CPU = Release|Any CPU
	EndGlobalSection
	GlobalSection(ProjectConfigurationPlatforms) = postSolution
		{8638D5A9-01AB-47AA-8454-B0D390CA79CC}.Debug|Any CPU.ActiveCfg = Debug|Any CPU
		{8638D5A9-01AB-47AA-8454-B0D390CA79CC}.Debug|Any CPU.Build.0 = Debug|Any CPU
		{8638D5A9-01AB-47AA-8454-B0D390CA79CC}.Release|Any CPU.ActiveCfg = Release|Any CPU
		{8638D5A9-01AB-47AA-8454-B0D390CA79CC}.Release|Any CPU.Build.0 = Release|Any CPU
	EndGlobalSection
	GlobalSection(SolutionProperties) = preSolution
		HideSolutionNode = FALSE
	EndGlobalSection
	GlobalSection(ExtensibilityGlobals) = postSolution
		SolutionGuid = {C5184878-8868-4529-B064-AA944A53BA51}
	EndGlobalSection
EndGlobal
